Microsoft Visual Studio Solution File, Format Version 12.00
# Visual Studio Version 17
VisualStudioVersion = 17.5.2.0
MinimumVisualStudioVersion = 10.0.40219.1
Project("{FAE04EC0-301F-11D3-BF4B-00C04F79EFBC}") = "ProjetoParaIdosos.Api", "ProjetoParaIdosos.Api.csproj", "{21931235-CDDD-E9D8-8AE9-C25CDBD8B3B8}"
EndProject
Global
	GlobalSection(SolutionConfigurationPlatforms) = preSolution
		Debug|Any CPU = Debug|Any CPU
		Release|Any CPU = Release|Any CPU
	EndGlobalSection
	GlobalSection(ProjectConfigurationPlatforms) = postSolution
		{21931235-CDDD-E9D8-8AE9-C25CDBD8B3B8}.Debug|Any CPU.ActiveCfg = Debug|Any CPU
		{21931235-CDDD-E9D8-8AE9-C25CDBD8B3B8}.Debug|Any CPU.Build.0 = Debug|Any CPU
		{21931235-CDDD-E9D8-8AE9-C25CDBD8B3B8}.Release|Any CPU.ActiveCfg = Release|Any CPU
		{21931235-CDDD-E9D8-8AE9-C25CDBD8B3B8}.Release|Any CPU.Build.0 = Release|Any CPU
	EndGlobalSection
	GlobalSection(SolutionProperties) = preSolution
		HideSolutionNode = FALSE
	EndGlobalSection
	GlobalSection(ExtensibilityGlobals) = postSolution
		SolutionGuid = {5A904403-1626-40E5-A612-203000F336F8}
	EndGlobalSection
EndGlobal
